
Microsoft Visual Studio Solution File, Format Version 12.00
# Visual Studio 14
VisualStudioVersion = 14.0.25123.0
MinimumVisualStudioVersion = 10.0.40219.1
Project("{FAE04EC0-301F-11D3-BF4B-00C04F79EFBC}") = "_uniControls 2015", "Controls\_uniControls 2015.csproj", "{5A85F808-1962-4D37-A268-D193490DC0ED}"
EndProject
Project("{FAE04EC0-301F-11D3-BF4B-00C04F79EFBC}") = "_uniGui 2015", "Gui\_uniGui 2015.csproj", "{A95B1C7E-66B5-4AFA-801D-8528C5689999}"
EndProject
Project("{FAE04EC0-301F-11D3-BF4B-00C04F79EFBC}") = "_uniNativeWrapper 2015", "NativeWrapper\_uniNativeWrapper 2015.csproj", "{10DEAAB6-EC1C-405C-851F-6EF5E0B495E0}"
EndProject
Project("{FAE04EC0-301F-11D3-BF4B-00C04F79EFBC}") = "_RC Client 2015", "RichClient\_RC Client 2015.csproj", "{84417921-9911-485C-B589-87A71391FE23}"
	ProjectSection(ProjectDependencies) = postProject
		{1C4B333F-397E-4C0D-BF9F-E4683B754A5A} = {1C4B333F-397E-4C0D-BF9F-E4683B754A5A}
	EndProjectSection
EndProject
Project("{FAE04EC0-301F-11D3-BF4B-00C04F79EFBC}") = "_uniUtil 2015", "util\_uniUtil 2015.csproj", "{2C21376F-0D2F-4D13-BF0D-B4838BEB664A}"
EndProject
Project("{FAE04EC0-301F-11D3-BF4B-00C04F79EFBC}") = "Tests.RichClientDotNet 2015", "..\Tests.RichClientDotNet\Tests.RichClientDotNet 2015.csproj", "{00E7E500-BC2D-44A1-B26C-0A282F18EAC1}"
EndProject
Project("{FAE04EC0-301F-11D3-BF4B-00C04F79EFBC}") = "_RC GatewayTypes 2015", "MgRIAGatewayTypes\_RC GatewayTypes 2015.csproj", "{204B0A93-35AF-40DC-8000-43973186DBCA}"
EndProject
Project("{FAE04EC0-301F-11D3-BF4B-00C04F79EFBC}") = "_RC GatewaySQLite 2015", "MgRIASQLiteGateway\_RC GatewaySQLite 2015.csproj", "{0FD49B9D-2F17-47F2-B208-A2C8CEBB73D1}"
EndProject
Project("{FAE04EC0-301F-11D3-BF4B-00C04F79EFBC}") = "Tests.Gui 2015", "Tests.Gui\Tests.Gui 2015.csproj", "{2A554921-C493-4663-A077-9AE453E46C3F}"
EndProject
Project("{FAE04EC0-301F-11D3-BF4B-00C04F79EFBC}") = "_RC PreBuild 2015", "RichClientPreBuild\_RC PreBuild 2015.csproj", "{1C4B333F-397E-4C0D-BF9F-E4683B754A5A}"
EndProject
Project("{FAE04EC0-301F-11D3-BF4B-00C04F79EFBC}") = "_uniHttpClient 2015", "Http\_uniHttpClient 2015.csproj", "{BFA63975-E3FB-44CF-BE90-63207B2376D5}"
EndProject
Project("{FAE04EC0-301F-11D3-BF4B-00C04F79EFBC}") = "MgRuntimeDesigner 2015", "RuntimeDesigner\MgRuntimeDesigner 2015.csproj", "{0B007B04-EAA6-419C-BDA0-6C394D0DC485}"
EndProject
Project("{FAE04EC0-301F-11D3-BF4B-00C04F79EFBC}") = "RC ControlsTest 2015", "ControlsTest\RC ControlsTest 2015.csproj", "{85C193C8-1517-4B2E-8882-91F1E1466EC0}"
EndProject
Project("{2150E333-8FDC-42A3-9474-1A3956D46DE8}") = "Solution Items", "Solution Items", "{747665B6-FED8-46F2-9689-F25CEE69E7AC}"
	ProjectSection(SolutionItems) = preProject
		..\Local.testsettings = ..\Local.testsettings
		RichClientDotNet 2010.vsmdi = RichClientDotNet 2010.vsmdi
	EndProjectSection
EndProject
Global
	GlobalSection(SolutionConfigurationPlatforms) = preSolution
		Debug|Any CPU = Debug|Any CPU
		Debug|Mixed Platforms = Debug|Mixed Platforms
		Debug|x86 = Debug|x86
		Release|Any CPU = Release|Any CPU
		Release|Mixed Platforms = Release|Mixed Platforms
		Release|x86 = Release|x86
	EndGlobalSection
	GlobalSection(ProjectConfigurationPlatforms) = postSolution
		{5A85F808-1962-4D37-A268-D193490DC0ED}.Debug|Any CPU.ActiveCfg = Debug|Any CPU
		{5A85F808-1962-4D37-A268-D193490DC0ED}.Debug|Any CPU.Build.0 = Debug|Any CPU
		{5A85F808-1962-4D37-A268-D193490DC0ED}.Debug|Mixed Platforms.ActiveCfg = Debug|Any CPU
		{5A85F808-1962-4D37-A268-D193490DC0ED}.Debug|Mixed Platforms.Build.0 = Debug|Any CPU
		{5A85F808-1962-4D37-A268-D193490DC0ED}.Debug|x86.ActiveCfg = Debug|Any CPU
		{5A85F808-1962-4D37-A268-D193490DC0ED}.Release|Any CPU.ActiveCfg = Release|Any CPU
		{5A85F808-1962-4D37-A268-D193490DC0ED}.Release|Any CPU.Build.0 = Release|Any CPU
		{5A85F808-1962-4D37-A268-D193490DC0ED}.Release|Mixed Platforms.ActiveCfg = Release|Any CPU
		{5A85F808-1962-4D37-A268-D193490DC0ED}.Release|Mixed Platforms.Build.0 = Release|Any CPU
		{5A85F808-1962-4D37-A268-D193490DC0ED}.Release|x86.ActiveCfg = Release|Any CPU
		{A95B1C7E-66B5-4AFA-801D-8528C5689999}.Debug|Any CPU.ActiveCfg = Debug|Any CPU
		{A95B1C7E-66B5-4AFA-801D-8528C5689999}.Debug|Any CPU.Build.0 = Debug|Any CPU
		{A95B1C7E-66B5-4AFA-801D-8528C5689999}.Debug|Mixed Platforms.ActiveCfg = Debug|Any CPU
		{A95B1C7E-66B5-4AFA-801D-8528C5689999}.Debug|Mixed Platforms.Build.0 = Debug|Any CPU
		{A95B1C7E-66B5-4AFA-801D-8528C5689999}.Debug|x86.ActiveCfg = Debug|Any CPU
		{A95B1C7E-66B5-4AFA-801D-8528C5689999}.Release|Any CPU.ActiveCfg = Release|Any CPU
		{A95B1C7E-66B5-4AFA-801D-8528C5689999}.Release|Any CPU.Build.0 = Release|Any CPU
		{A95B1C7E-66B5-4AFA-801D-8528C5689999}.Release|Mixed Platforms.ActiveCfg = Release|Any CPU
		{A95B1C7E-66B5-4AFA-801D-8528C5689999}.Release|Mixed Platforms.Build.0 = Release|Any CPU
		{A95B1C7E-66B5-4AFA-801D-8528C5689999}.Release|x86.ActiveCfg = Release|Any CPU
		{10DEAAB6-EC1C-405C-851F-6EF5E0B495E0}.Debug|Any CPU.ActiveCfg = Debug|Any CPU
		{10DEAAB6-EC1C-405C-851F-6EF5E0B495E0}.Debug|Any CPU.Build.0 = Debug|Any CPU
		{10DEAAB6-EC1C-405C-851F-6EF5E0B495E0}.Debug|Mixed Platforms.ActiveCfg = Debug|Any CPU
		{10DEAAB6-EC1C-405C-851F-6EF5E0B495E0}.Debug|Mixed Platforms.Build.0 = Debug|Any CPU
		{10DEAAB6-EC1C-405C-851F-6EF5E0B495E0}.Debug|x86.ActiveCfg = Debug|Any CPU
		{10DEAAB6-EC1C-405C-851F-6EF5E0B495E0}.Release|Any CPU.ActiveCfg = Release|Any CPU
		{10DEAAB6-EC1C-405C-851F-6EF5E0B495E0}.Release|Any CPU.Build.0 = Release|Any CPU
		{10DEAAB6-EC1C-405C-851F-6EF5E0B495E0}.Release|Mixed Platforms.ActiveCfg = Release|Any CPU
		{10DEAAB6-EC1C-405C-851F-6EF5E0B495E0}.Release|Mixed Platforms.Build.0 = Release|Any CPU
		{10DEAAB6-EC1C-405C-851F-6EF5E0B495E0}.Release|x86.ActiveCfg = Release|Any CPU
		{84417921-9911-485C-B589-87A71391FE23}.Debug|Any CPU.ActiveCfg = Debug|Any CPU
		{84417921-9911-485C-B589-87A71391FE23}.Debug|Any CPU.Build.0 = Debug|Any CPU
		{84417921-9911-485C-B589-87A71391FE23}.Debug|Mixed Platforms.ActiveCfg = Debug|Any CPU
		{84417921-9911-485C-B589-87A71391FE23}.Debug|Mixed Platforms.Build.0 = Debug|Any CPU
		{84417921-9911-485C-B589-87A71391FE23}.Debug|x86.ActiveCfg = Debug|Any CPU
		{84417921-9911-485C-B589-87A71391FE23}.Release|Any CPU.ActiveCfg = Release|Any CPU
		{84417921-9911-485C-B589-87A71391FE23}.Release|Any CPU.Build.0 = Release|Any CPU
		{84417921-9911-485C-B589-87A71391FE23}.Release|Mixed Platforms.ActiveCfg = Release|Any CPU
		{84417921-9911-485C-B589-87A71391FE23}.Release|Mixed Platforms.Build.0 = Release|Any CPU
		{84417921-9911-485C-B589-87A71391FE23}.Release|x86.ActiveCfg = Release|Any CPU
		{2C21376F-0D2F-4D13-BF0D-B4838BEB664A}.Debug|Any CPU.ActiveCfg = Debug|Any CPU
		{2C21376F-0D2F-4D13-BF0D-B4838BEB664A}.Debug|Any CPU.Build.0 = Debug|Any CPU
		{2C21376F-0D2F-4D13-BF0D-B4838BEB664A}.Debug|Mixed Platforms.ActiveCfg = Debug|Any CPU
		{2C21376F-0D2F-4D13-BF0D-B4838BEB664A}.Debug|Mixed Platforms.Build.0 = Debug|Any CPU
		{2C21376F-0D2F-4D13-BF0D-B4838BEB664A}.Debug|x86.ActiveCfg = Debug|Any CPU
		{2C21376F-0D2F-4D13-BF0D-B4838BEB664A}.Release|Any CPU.ActiveCfg = Release|Any CPU
		{2C21376F-0D2F-4D13-BF0D-B4838BEB664A}.Release|Any CPU.Build.0 = Release|Any CPU
		{2C21376F-0D2F-4D13-BF0D-B4838BEB664A}.Release|Mixed Platforms.ActiveCfg = Release|Any CPU
		{2C21376F-0D2F-4D13-BF0D-B4838BEB664A}.Release|Mixed Platforms.Build.0 = Release|Any CPU
		{2C21376F-0D2F-4D13-BF0D-B4838BEB664A}.Release|x86.ActiveCfg = Release|Any CPU
		{00E7E500-BC2D-44A1-B26C-0A282F18EAC1}.Debug|Any CPU.ActiveCfg = Debug|Any CPU
		{00E7E500-BC2D-44A1-B26C-0A282F18EAC1}.Debug|Any CPU.Build.0 = Debug|Any CPU
		{00E7E500-BC2D-44A1-B26C-0A282F18EAC1}.Debug|Mixed Platforms.ActiveCfg = Debug|Any CPU
		{00E7E500-BC2D-44A1-B26C-0A282F18EAC1}.Debug|Mixed Platforms.Build.0 = Debug|Any CPU
		{00E7E500-BC2D-44A1-B26C-0A282F18EAC1}.Debug|x86.ActiveCfg = Debug|Any CPU
		{00E7E500-BC2D-44A1-B26C-0A282F18EAC1}.Release|Any CPU.ActiveCfg = Release|Any CPU
		{00E7E500-BC2D-44A1-B26C-0A282F18EAC1}.Release|Any CPU.Build.0 = Release|Any CPU
		{00E7E500-BC2D-44A1-B26C-0A282F18EAC1}.Release|Mixed Platforms.ActiveCfg = Release|Any CPU
		{00E7E500-BC2D-44A1-B26C-0A282F18EAC1}.Release|Mixed Platforms.Build.0 = Release|Any CPU
		{00E7E500-BC2D-44A1-B26C-0A282F18EAC1}.Release|x86.ActiveCfg = Release|Any CPU
		{204B0A93-35AF-40DC-8000-43973186DBCA}.Debug|Any CPU.ActiveCfg = Debug|Any CPU
		{204B0A93-35AF-40DC-8000-43973186DBCA}.Debug|Any CPU.Build.0 = Debug|Any CPU
		{204B0A93-35AF-40DC-8000-43973186DBCA}.Debug|Mixed Platforms.ActiveCfg = Debug|Any CPU
		{204B0A93-35AF-40DC-8000-43973186DBCA}.Debug|Mixed Platforms.Build.0 = Debug|Any CPU
		{204B0A93-35AF-40DC-8000-43973186DBCA}.Debug|x86.ActiveCfg = Debug|Any CPU
		{204B0A93-35AF-40DC-8000-43973186DBCA}.Release|Any CPU.ActiveCfg = Release|Any CPU
		{204B0A93-35AF-40DC-8000-43973186DBCA}.Release|Any CPU.Build.0 = Release|Any CPU
		{204B0A93-35AF-40DC-8000-43973186DBCA}.Release|Mixed Platforms.ActiveCfg = Release|Any CPU
		{204B0A93-35AF-40DC-8000-43973186DBCA}.Release|Mixed Platforms.Build.0 = Release|Any CPU
		{204B0A93-35AF-40DC-8000-43973186DBCA}.Release|x86.ActiveCfg = Release|Any CPU
		{0FD49B9D-2F17-47F2-B208-A2C8CEBB73D1}.Debug|Any CPU.ActiveCfg = Debug|Any CPU
		{0FD49B9D-2F17-47F2-B208-A2C8CEBB73D1}.Debug|Any CPU.Build.0 = Debug|Any CPU
		{0FD49B9D-2F17-47F2-B208-A2C8CEBB73D1}.Debug|Mixed Platforms.ActiveCfg = Debug|Any CPU
		{0FD49B9D-2F17-47F2-B208-A2C8CEBB73D1}.Debug|Mixed Platforms.Build.0 = Debug|Any CPU
		{0FD49B9D-2F17-47F2-B208-A2C8CEBB73D1}.Debug|x86.ActiveCfg = Debug|Any CPU
		{0FD49B9D-2F17-47F2-B208-A2C8CEBB73D1}.Release|Any CPU.ActiveCfg = Release|Any CPU
		{0FD49B9D-2F17-47F2-B208-A2C8CEBB73D1}.Release|Any CPU.Build.0 = Release|Any CPU
		{0FD49B9D-2F17-47F2-B208-A2C8CEBB73D1}.Release|Mixed Platforms.ActiveCfg = Release|Any CPU
		{0FD49B9D-2F17-47F2-B208-A2C8CEBB73D1}.Release|Mixed Platforms.Build.0 = Release|Any CPU
		{0FD49B9D-2F17-47F2-B208-A2C8CEBB73D1}.Release|x86.ActiveCfg = Release|Any CPU
		{2A554921-C493-4663-A077-9AE453E46C3F}.Debug|Any CPU.ActiveCfg = Debug|Any CPU
		{2A554921-C493-4663-A077-9AE453E46C3F}.Debug|Any CPU.Build.0 = Debug|Any CPU
		{2A554921-C493-4663-A077-9AE453E46C3F}.Debug|Mixed Platforms.ActiveCfg = Debug|Any CPU
		{2A554921-C493-4663-A077-9AE453E46C3F}.Debug|Mixed Platforms.Build.0 = Debug|Any CPU
		{2A554921-C493-4663-A077-9AE453E46C3F}.Debug|x86.ActiveCfg = Debug|Any CPU
		{2A554921-C493-4663-A077-9AE453E46C3F}.Release|Any CPU.ActiveCfg = Release|Any CPU
		{2A554921-C493-4663-A077-9AE453E46C3F}.Release|Any CPU.Build.0 = Release|Any CPU
		{2A554921-C493-4663-A077-9AE453E46C3F}.Release|Mixed Platforms.ActiveCfg = Release|Any CPU
		{2A554921-C493-4663-A077-9AE453E46C3F}.Release|Mixed Platforms.Build.0 = Release|Any CPU
		{2A554921-C493-4663-A077-9AE453E46C3F}.Release|x86.ActiveCfg = Release|Any CPU
		{1C4B333F-397E-4C0D-BF9F-E4683B754A5A}.Debug|Any CPU.ActiveCfg = Debug|Any CPU
		{1C4B333F-397E-4C0D-BF9F-E4683B754A5A}.Debug|Any CPU.Build.0 = Debug|Any CPU
		{1C4B333F-397E-4C0D-BF9F-E4683B754A5A}.Debug|Mixed Platforms.ActiveCfg = Debug|Any CPU
		{1C4B333F-397E-4C0D-BF9F-E4683B754A5A}.Debug|Mixed Platforms.Build.0 = Debug|Any CPU
		{1C4B333F-397E-4C0D-BF9F-E4683B754A5A}.Debug|x86.ActiveCfg = Debug|Any CPU
		{1C4B333F-397E-4C0D-BF9F-E4683B754A5A}.Release|Any CPU.ActiveCfg = Release|Any CPU
		{1C4B333F-397E-4C0D-BF9F-E4683B754A5A}.Release|Any CPU.Build.0 = Release|Any CPU
		{1C4B333F-397E-4C0D-BF9F-E4683B754A5A}.Release|Mixed Platforms.ActiveCfg = Release|Any CPU
		{1C4B333F-397E-4C0D-BF9F-E4683B754A5A}.Release|Mixed Platforms.Build.0 = Release|Any CPU
		{1C4B333F-397E-4C0D-BF9F-E4683B754A5A}.Release|x86.ActiveCfg = Release|Any CPU
		{BFA63975-E3FB-44CF-BE90-63207B2376D5}.Debug|Any CPU.ActiveCfg = Debug|Any CPU
		{BFA63975-E3FB-44CF-BE90-63207B2376D5}.Debug|Any CPU.Build.0 = Debug|Any CPU
		{BFA63975-E3FB-44CF-BE90-63207B2376D5}.Debug|Mixed Platforms.ActiveCfg = Debug|Any CPU
		{BFA63975-E3FB-44CF-BE90-63207B2376D5}.Debug|Mixed Platforms.Build.0 = Debug|Any CPU
		{BFA63975-E3FB-44CF-BE90-63207B2376D5}.Debug|x86.ActiveCfg = Debug|Any CPU
		{BFA63975-E3FB-44CF-BE90-63207B2376D5}.Release|Any CPU.ActiveCfg = Release|Any CPU
		{BFA63975-E3FB-44CF-BE90-63207B2376D5}.Release|Any CPU.Build.0 = Release|Any CPU
		{BFA63975-E3FB-44CF-BE90-63207B2376D5}.Release|Mixed Platforms.ActiveCfg = Release|Any CPU
		{BFA63975-E3FB-44CF-BE90-63207B2376D5}.Release|Mixed Platforms.Build.0 = Release|Any CPU
		{BFA63975-E3FB-44CF-BE90-63207B2376D5}.Release|x86.ActiveCfg = Release|Any CPU
		{0B007B04-EAA6-419C-BDA0-6C394D0DC485}.Debug|Any CPU.ActiveCfg = Debug|Any CPU
		{0B007B04-EAA6-419C-BDA0-6C394D0DC485}.Debug|Any CPU.Build.0 = Debug|Any CPU
		{0B007B04-EAA6-419C-BDA0-6C394D0DC485}.Debug|Mixed Platforms.ActiveCfg = Debug|Any CPU
		{0B007B04-EAA6-419C-BDA0-6C394D0DC485}.Debug|Mixed Platforms.Build.0 = Debug|Any CPU
		{0B007B04-EAA6-419C-BDA0-6C394D0DC485}.Debug|x86.ActiveCfg = Debug|Any CPU
		{0B007B04-EAA6-419C-BDA0-6C394D0DC485}.Release|Any CPU.ActiveCfg = Release|Any CPU
		{0B007B04-EAA6-419C-BDA0-6C394D0DC485}.Release|Any CPU.Build.0 = Release|Any CPU
		{0B007B04-EAA6-419C-BDA0-6C394D0DC485}.Release|Mixed Platforms.ActiveCfg = Release|Any CPU
		{0B007B04-EAA6-419C-BDA0-6C394D0DC485}.Release|Mixed Platforms.Build.0 = Release|Any CPU
		{0B007B04-EAA6-419C-BDA0-6C394D0DC485}.Release|x86.ActiveCfg = Release|Any CPU
		{85C193C8-1517-4B2E-8882-91F1E1466EC0}.Debug|Any CPU.ActiveCfg = Debug|Any CPU
		{85C193C8-1517-4B2E-8882-91F1E1466EC0}.Debug|Any CPU.Build.0 = Debug|Any CPU
		{85C193C8-1517-4B2E-8882-91F1E1466EC0}.Debug|Mixed Platforms.ActiveCfg = Debug|x86
		{85C193C8-1517-4B2E-8882-91F1E1466EC0}.Debug|Mixed Platforms.Build.0 = Debug|x86
		{85C193C8-1517-4B2E-8882-91F1E1466EC0}.Debug|x86.ActiveCfg = Debug|x86
		{85C193C8-1517-4B2E-8882-91F1E1466EC0}.Debug|x86.Build.0 = Debug|x86
		{85C193C8-1517-4B2E-8882-91F1E1466EC0}.Release|Any CPU.ActiveCfg = Release|Any CPU
		{85C193C8-1517-4B2E-8882-91F1E1466EC0}.Release|Any CPU.Build.0 = Release|Any CPU
		{85C193C8-1517-4B2E-8882-91F1E1466EC0}.Release|Mixed Platforms.ActiveCfg = Release|x86
		{85C193C8-1517-4B2E-8882-91F1E1466EC0}.Release|Mixed Platforms.Build.0 = Release|x86
		{85C193C8-1517-4B2E-8882-91F1E1466EC0}.Release|x86.ActiveCfg = Release|x86
		{85C193C8-1517-4B2E-8882-91F1E1466EC0}.Release|x86.Build.0 = Release|x86
	EndGlobalSection
	GlobalSection(SolutionProperties) = preSolution
		HideSolutionNode = FALSE
	EndGlobalSection
	GlobalSection(TeamFoundationVersionControl) = preSolution
		SccNumberOfProjects = 14
		SccEnterpriseProvider = {4CA58AB2-18FA-4F8D-95D4-32DDF27D184C}
		SccTeamFoundationServer = http://tfs15db.mse.corp:8080/tfs/xpa_tfs
		SccProjectUniqueName0 = NativeWrapper\\_uniNativeWrapper\u00202015.csproj
		SccProjectName0 = NativeWrapper
		SccLocalPath0 = NativeWrapper
		SccProjectUniqueName1 = util\\_uniUtil\u00202015.csproj
		SccProjectName1 = util
		SccLocalPath1 = util
		SccProjectUniqueName2 = Controls\\_uniControls\u00202015.csproj
		SccProjectName2 = Controls
		SccLocalPath2 = Controls
		SccProjectUniqueName3 = RuntimeDesigner\\MgRuntimeDesigner\u00202015.csproj
		SccProjectName3 = RuntimeDesigner
		SccLocalPath3 = RuntimeDesigner
		SccProjectUniqueName4 = Gui\\_uniGui\u00202015.csproj
		SccProjectName4 = Gui
		SccLocalPath4 = Gui
		SccProjectUniqueName5 = Http\\_uniHttpClient\u00202015.csproj
		SccProjectName5 = Http
		SccLocalPath5 = Http
		SccProjectUniqueName6 = MgRIAGatewayTypes\\_RC\u0020GatewayTypes\u00202015.csproj
		SccProjectName6 = MgRIAGatewayTypes
		SccLocalPath6 = MgRIAGatewayTypes
		SccProjectUniqueName7 = RichClientPreBuild\\_RC\u0020PreBuild\u00202015.csproj
		SccProjectName7 = RichClientPreBuild
		SccLocalPath7 = RichClientPreBuild
		SccProjectUniqueName8 = RichClient\\_RC\u0020Client\u00202015.csproj
		SccProjectName8 = RichClient
		SccLocalPath8 = RichClient
		SccProjectUniqueName9 = MgRIASQLiteGateway\\_RC\u0020GatewaySQLite\u00202015.csproj
		SccProjectName9 = MgRIASQLiteGateway
		SccLocalPath9 = MgRIASQLiteGateway
		SccLocalPath10 = .
		SccProjectUniqueName11 = ..\\Tests.RichClientDotNet\\Tests.RichClientDotNet\u00202015.csproj
		SccProjectName11 = ../Tests.RichClientDotNet
		SccLocalPath11 = ..\\Tests.RichClientDotNet
		SccProjectUniqueName12 = Tests.Gui\\Tests.Gui\u00202015.csproj
		SccProjectName12 = Tests.Gui
		SccLocalPath12 = Tests.Gui
		SccProjectUniqueName13 = ControlsTest\\RC\u0020ControlsTest\u00202015.csproj
		SccProjectName13 = ControlsTest
		SccLocalPath13 = ControlsTest
	EndGlobalSection
	GlobalSection(TestCaseManagementSettings) = postSolution
		CategoryFile = RichClientDotNet 2010.vsmdi
	EndGlobalSection
EndGlobal
